
Microsoft Visual Studio Solution File, Format Version 12.00
# Visual Studio Version 17
VisualStudioVersion = 17.0.32112.339
MinimumVisualStudioVersion = 10.0.40219.1
Project("{8BC9CEB8-8B4A-11D0-8D11-00A0C91BC942}") = "game-eraser-drop", "game-eraser-drop.vcxproj", "{F80F876A-AD91-477F-8DCD-E359A83B1111}"
EndProject
Global
	GlobalSection(SolutionConfigurationPlatforms) = preSolution
		Debug|x64 = Debug|x64
		Debug|x86 = Debug|x86
		Release|x64 = Release|x64
		Release|x86 = Release|x86
	EndGlobalSection
	GlobalSection(ProjectConfigurationPlatforms) = postSolution
		{F80F876A-AD91-477F-8DCD-E359A83B1111}.Debug|x64.ActiveCfg = Debug|x64
		{F80F876A-AD91-477F-8DCD-E359A83B1111}.Debug|x64.Build.0 = Debug|x64
		{F80F876A-AD91-477F-8DCD-E359A83B1111}.Debug|x86.ActiveCfg = Debug|Win32
		{F80F876A-AD91-477F-8DCD-E359A83B1111}.Debug|x86.Build.0 = Debug|Win32
		{F80F876A-AD91-477F-8DCD-E359A83B1111}.Release|x64.ActiveCfg = Release|x64
		{F80F876A-AD91-477F-8DCD-E359A83B1111}.Release|x64.Build.0 = Release|x64
		{F80F876A-AD91-477F-8DCD-E359A83B1111}.Release|x86.ActiveCfg = Release|Win32
		{F80F876A-AD91-477F-8DCD-E359A83B1111}.Release|x86.Build.0 = Release|Win32
	EndGlobalSection
	GlobalSection(SolutionProperties) = preSolution
		HideSolutionNode = FALSE
	EndGlobalSection
	GlobalSection(ExtensibilityGlobals) = postSolution
		SolutionGuid = {9ACE3F77-113A-4E19-8E2D-BCFAC9C4FD1B}
	EndGlobalSection
EndGlobal
